// !$*UTF8*$!
{
	archiveVersion = 1;
	classes = {
	};
	objectVersion = 50;
	objects = {

/* Begin PBXBuildFile section */
		068A387F2217202A001B5C34 /* AppDelegate.swift in Sources */ = {isa = PBXBuildFile; fileRef = 068A387E2217202A001B5C34 /* AppDelegate.swift */; };
		068A38812217202A001B5C34 /* ViewController.swift in Sources */ = {isa = PBXBuildFile; fileRef = 068A38802217202A001B5C34 /* ViewController.swift */; };
		068A38842217202A001B5C34 /* Main.storyboard in Resources */ = {isa = PBXBuildFile; fileRef = 068A38822217202A001B5C34 /* Main.storyboard */; };
		068A38862217202A001B5C34 /* Assets.xcassets in Resources */ = {isa = PBXBuildFile; fileRef = 068A38852217202A001B5C34 /* Assets.xcassets */; };
		068A38892217202A001B5C34 /* LaunchScreen.storyboard in Resources */ = {isa = PBXBuildFile; fileRef = 068A38872217202A001B5C34 /* LaunchScreen.storyboard */; };
		068A38912217206A001B5C34 /* ImageCollectionView.swift in Sources */ = {isa = PBXBuildFile; fileRef = 068A38902217206A001B5C34 /* ImageCollectionView.swift */; };
		068A3894221721CB001B5C34 /* ImageCollectionViewCell.swift in Sources */ = {isa = PBXBuildFile; fileRef = 068A3893221721CB001B5C34 /* ImageCollectionViewCell.swift */; };
		068A3896221725B9001B5C34 /* ImageCollectionViewDelegate.swift in Sources */ = {isa = PBXBuildFile; fileRef = 068A3895221725B9001B5C34 /* ImageCollectionViewDelegate.swift */; };
		068A389822172B4E001B5C34 /* FileManager.swift in Sources */ = {isa = PBXBuildFile; fileRef = 068A389722172B4E001B5C34 /* FileManager.swift */; };
		068A389B22172C6D001B5C34 /* removePhotoIcon.png in Resources */ = {isa = PBXBuildFile; fileRef = 068A389922172C6D001B5C34 /* removePhotoIcon.png */; };
		068A389C22172C6D001B5C34 /* addPhotoIcon.png in Resources */ = {isa = PBXBuildFile; fileRef = 068A389A22172C6D001B5C34 /* addPhotoIcon.png */; };
		068A389E22172E54001B5C34 /* UIApplication.swift in Sources */ = {isa = PBXBuildFile; fileRef = 068A389D22172E54001B5C34 /* UIApplication.swift */; };
		06ACACEE2217760A0008A2AC /* Array.swift in Sources */ = {isa = PBXBuildFile; fileRef = 06ACACED2217760A0008A2AC /* Array.swift */; };
/* End PBXBuildFile section */

/* Begin PBXFileReference section */
		068A387B2217202A001B5C34 /* ImageCollectionView.app */ = {isa = PBXFileReference; explicitFileType = wrapper.application; includeInIndex = 0; path = ImageCollectionView.app; sourceTree = BUILT_PRODUCTS_DIR; };
		068A387E2217202A001B5C34 /* AppDelegate.swift */ = {isa = PBXFileReference; lastKnownFileType = sourcecode.swift; path = AppDelegate.swift; sourceTree = "<group>"; };
		068A38802217202A001B5C34 /* ViewController.swift */ = {isa = PBXFileReference; lastKnownFileType = sourcecode.swift; path = ViewController.swift; sourceTree = "<group>"; };
		068A38832217202A001B5C34 /* Base */ = {isa = PBXFileReference; lastKnownFileType = file.storyboard; name = Base; path = Base.lproj/Main.storyboard; sourceTree = "<group>"; };
		068A38852217202A001B5C34 /* Assets.xcassets */ = {isa = PBXFileReference; lastKnownFileType = folder.assetcatalog; path = Assets.xcassets; sourceTree = "<group>"; };
		068A38882217202A001B5C34 /* Base */ = {isa = PBXFileReference; lastKnownFileType = file.storyboard; name = Base; path = Base.lproj/LaunchScreen.storyboard; sourceTree = "<group>"; };
		068A388A2217202A001B5C34 /* Info.plist */ = {isa = PBXFileReference; lastKnownFileType = text.plist.xml; path = Info.plist; sourceTree = "<group>"; };
		068A38902217206A001B5C34 /* ImageCollectionView.swift */ = {isa = PBXFileReference; lastKnownFileType = sourcecode.swift; path = ImageCollectionView.swift; sourceTree = "<group>"; };
		068A3893221721CB001B5C34 /* ImageCollectionViewCell.swift */ = {isa = PBXFileReference; lastKnownFileType = sourcecode.swift; path = ImageCollectionViewCell.swift; sourceTree = "<group>"; };
		068A3895221725B9001B5C34 /* ImageCollectionViewDelegate.swift */ = {isa = PBXFileReference; lastKnownFileType = sourcecode.swift; path = ImageCollectionViewDelegate.swift; sourceTree = "<group>"; };
		068A389722172B4E001B5C34 /* FileManager.swift */ = {isa = PBXFileReference; lastKnownFileType = sourcecode.swift; path = FileManager.swift; sourceTree = "<group>"; };
		068A389922172C6D001B5C34 /* removePhotoIcon.png */ = {isa = PBXFileReference; lastKnownFileType = image.png; path = removePhotoIcon.png; sourceTree = "<group>"; };
		068A389A22172C6D001B5C34 /* addPhotoIcon.png */ = {isa = PBXFileReference; lastKnownFileType = image.png; path = addPhotoIcon.png; sourceTree = "<group>"; };
		068A389D22172E54001B5C34 /* UIApplication.swift */ = {isa = PBXFileReference; lastKnownFileType = sourcecode.swift; path = UIApplication.swift; sourceTree = "<group>"; };
		06ACACED2217760A0008A2AC /* Array.swift */ = {isa = PBXFileReference; lastKnownFileType = sourcecode.swift; path = Array.swift; sourceTree = "<group>"; };
/* End PBXFileReference section */

/* Begin PBXFrameworksBuildPhase section */
		068A38782217202A001B5C34 /* Frameworks */ = {
			isa = PBXFrameworksBuildPhase;
			buildActionMask = 2147483647;
			files = (
			);
			runOnlyForDeploymentPostprocessing = 0;
		};
/* End PBXFrameworksBuildPhase section */

/* Begin PBXGroup section */
		068A387222172029001B5C34 = {
			isa = PBXGroup;
			children = (
				068A387D2217202A001B5C34 /* ImageCollectionView */,
				068A387C2217202A001B5C34 /* Products */,
			);
			sourceTree = "<group>";
		};
		068A387C2217202A001B5C34 /* Products */ = {
			isa = PBXGroup;
			children = (
				068A387B2217202A001B5C34 /* ImageCollectionView.app */,
			);
			name = Products;
			sourceTree = "<group>";
		};
		068A387D2217202A001B5C34 /* ImageCollectionView */ = {
			isa = PBXGroup;
			children = (
				068A38922217207A001B5C34 /* Source */,
				068A387E2217202A001B5C34 /* AppDelegate.swift */,
				068A38802217202A001B5C34 /* ViewController.swift */,
				068A38822217202A001B5C34 /* Main.storyboard */,
				068A38852217202A001B5C34 /* Assets.xcassets */,
				068A38872217202A001B5C34 /* LaunchScreen.storyboard */,
				068A388A2217202A001B5C34 /* Info.plist */,
			);
			path = ImageCollectionView;
			sourceTree = "<group>";
		};
		068A38922217207A001B5C34 /* Source */ = {
			isa = PBXGroup;
			children = (
				068A38A022174D18001B5C34 /* Assets */,
				068A389F22174D09001B5C34 /* Extensions */,
				068A38902217206A001B5C34 /* ImageCollectionView.swift */,
				068A3893221721CB001B5C34 /* ImageCollectionViewCell.swift */,
				068A3895221725B9001B5C34 /* ImageCollectionViewDelegate.swift */,
			);
			path = Source;
			sourceTree = "<group>";
		};
		068A389F22174D09001B5C34 /* Extensions */ = {
			isa = PBXGroup;
			children = (
				06ACACED2217760A0008A2AC /* Array.swift */,
				068A389722172B4E001B5C34 /* FileManager.swift */,
				068A389D22172E54001B5C34 /* UIApplication.swift */,
			);
			path = Extensions;
			sourceTree = "<group>";
		};
		068A38A022174D18001B5C34 /* Assets */ = {
			isa = PBXGroup;
			children = (
				068A389922172C6D001B5C34 /* removePhotoIcon.png */,
				068A389A22172C6D001B5C34 /* addPhotoIcon.png */,
			);
			path = Assets;
			sourceTree = "<group>";
		};
/* End PBXGroup section */

/* Begin PBXNativeTarget section */
		068A387A2217202A001B5C34 /* ImageCollectionView */ = {
			isa = PBXNativeTarget;
			buildConfigurationList = 068A388D2217202A001B5C34 /* Build configuration list for PBXNativeTarget "ImageCollectionView" */;
			buildPhases = (
				068A38772217202A001B5C34 /* Sources */,
				068A38782217202A001B5C34 /* Frameworks */,
				068A38792217202A001B5C34 /* Resources */,
			);
			buildRules = (
			);
			dependencies = (
			);
			name = ImageCollectionView;
			productName = ImageCollectionView;
			productReference = 068A387B2217202A001B5C34 /* ImageCollectionView.app */;
			productType = "com.apple.product-type.application";
		};
/* End PBXNativeTarget section */

/* Begin PBXProject section */
		068A387322172029001B5C34 /* Project object */ = {
			isa = PBXProject;
			attributes = {
				LastSwiftUpdateCheck = 1010;
				LastUpgradeCheck = 1010;
				ORGANIZATIONNAME = "Jose Manuel Solis Bulos";
				TargetAttributes = {
					068A387A2217202A001B5C34 = {
						CreatedOnToolsVersion = 10.1;
					};
				};
			};
			buildConfigurationList = 068A387622172029001B5C34 /* Build configuration list for PBXProject "ImageCollectionView" */;
			compatibilityVersion = "Xcode 9.3";
			developmentRegion = en;
			hasScannedForEncodings = 0;
			knownRegions = (
				en,
				Base,
			);
			mainGroup = 068A387222172029001B5C34;
			productRefGroup = 068A387C2217202A001B5C34 /* Products */;
			projectDirPath = "";
			projectRoot = "";
			targets = (
				068A387A2217202A001B5C34 /* ImageCollectionView */,
			);
		};
/* End PBXProject section */

/* Begin PBXResourcesBuildPhase section */
		068A38792217202A001B5C34 /* Resources */ = {
			isa = PBXResourcesBuildPhase;
			buildActionMask = 2147483647;
			files = (
				068A38892217202A001B5C34 /* LaunchScreen.storyboard in Resources */,
				068A38862217202A001B5C34 /* Assets.xcassets in Resources */,
				068A38842217202A001B5C34 /* Main.storyboard in Resources */,
				068A389B22172C6D001B5C34 /* removePhotoIcon.png in Resources */,
				068A389C22172C6D001B5C34 /* addPhotoIcon.png in Resources */,
			);
			runOnlyForDeploymentPostprocessing = 0;
		};
/* End PBXResourcesBuildPhase section */

/* Begin PBXSourcesBuildPhase section */
		068A38772217202A001B5C34 /* Sources */ = {
			isa = PBXSourcesBuildPhase;
			buildActionMask = 2147483647;
			files = (
				068A38812217202A001B5C34 /* ViewController.swift in Sources */,
				068A3896221725B9001B5C34 /* ImageCollectionViewDelegate.swift in Sources */,
				068A38912217206A001B5C34 /* ImageCollectionView.swift in Sources */,
				068A389822172B4E001B5C34 /* FileManager.swift in Sources */,
				068A389E22172E54001B5C34 /* UIApplication.swift in Sources */,
				06ACACEE2217760A0008A2AC /* Array.swift in Sources */,
				068A3894221721CB001B5C34 /* ImageCollectionViewCell.swift in Sources */,
				068A387F2217202A001B5C34 /* AppDelegate.swift in Sources */,
			);
			runOnlyForDeploymentPostprocessing = 0;
		};
/* End PBXSourcesBuildPhase section */

/* Begin PBXVariantGroup section */
		068A38822217202A001B5C34 /* Main.storyboard */ = {
			isa = PBXVariantGroup;
			children = (
				068A38832217202A001B5C34 /* Base */,
			);
			name = Main.storyboard;
			sourceTree = "<group>";
		};
		068A38872217202A001B5C34 /* LaunchScreen.storyboard */ = {
			isa = PBXVariantGroup;
			children = (
				068A38882217202A001B5C34 /* Base */,
			);
			name = LaunchScreen.storyboard;
			sourceTree = "<group>";
		};
/* End PBXVariantGroup section */

/* Begin XCBuildConfiguration section */
		068A388B2217202A001B5C34 /* Debug */ = {
			isa = XCBuildConfiguration;
			buildSettings = {
				ALWAYS_SEARCH_USER_PATHS = NO;
				CLANG_ANALYZER_NONNULL = YES;
				CLANG_ANALYZER_NUMBER_OBJECT_CONVERSION = YES_AGGRESSIVE;
				CLANG_CXX_LANGUAGE_STANDARD = "gnu++14";
				CLANG_CXX_LIBRARY = "libc++";
				CLANG_ENABLE_MODULES = YES;
				CLANG_ENABLE_OBJC_ARC = YES;
				CLANG_ENABLE_OBJC_WEAK = YES;
				CLANG_WARN_BLOCK_CAPTURE_AUTORELEASING = YES;
				CLANG_WARN_BOOL_CONVERSION = YES;
				CLANG_WARN_COMMA = YES;
				CLANG_WARN_CONSTANT_CONVERSION = YES;
				CLANG_WARN_DEPRECATED_OBJC_IMPLEMENTATIONS = YES;
				CLANG_WARN_DIRECT_OBJC_ISA_USAGE = YES_ERROR;
				CLANG_WARN_DOCUMENTATION_COMMENTS = YES;
				CLANG_WARN_EMPTY_BODY = YES;
				CLANG_WARN_ENUM_CONVERSION = YES;
				CLANG_WARN_INFINITE_RECURSION = YES;
				CLANG_WARN_INT_CONVERSION = YES;
				CLANG_WARN_NON_LITERAL_NULL_CONVERSION = YES;
				CLANG_WARN_OBJC_IMPLICIT_RETAIN_SELF = YES;
				CLANG_WARN_OBJC_LITERAL_CONVERSION = YES;
				CLANG_WARN_OBJC_ROOT_CLASS = YES_ERROR;
				CLANG_WARN_RANGE_LOOP_ANALYSIS = YES;
				CLANG_WARN_STRICT_PROTOTYPES = YES;
				CLANG_WARN_SUSPICIOUS_MOVE = YES;
				CLANG_WARN_UNGUARDED_AVAILABILITY = YES_AGGRESSIVE;
				CLANG_WARN_UNREACHABLE_CODE = YES;
				CLANG_WARN__DUPLICATE_METHOD_MATCH = YES;
				CODE_SIGN_IDENTITY = "iPhone Developer";
				COPY_PHASE_STRIP = NO;
				DEBUG_INFORMATION_FORMAT = dwarf;
				ENABLE_STRICT_OBJC_MSGSEND = YES;
				ENABLE_TESTABILITY = YES;
				GCC_C_LANGUAGE_STANDARD = gnu11;
				GCC_DYNAMIC_NO_PIC = NO;
				GCC_NO_COMMON_BLOCKS = YES;
				GCC_OPTIMIZATION_LEVEL = 0;
				GCC_PREPROCESSOR_DEFINITIONS = (
					"DEBUG=1",
					"$(inherited)",
				);
				GCC_WARN_64_TO_32_BIT_CONVERSION = YES;
				GCC_WARN_ABOUT_RETURN_TYPE = YES_ERROR;
				GCC_WARN_UNDECLARED_SELECTOR = YES;
				GCC_WARN_UNINITIALIZED_AUTOS = YES_AGGRESSIVE;
				GCC_WARN_UNUSED_FUNCTION = YES;
				GCC_WARN_UNUSED_VARIABLE = YES;
				IPHONEOS_DEPLOYMENT_TARGET = 12.1;
				MTL_ENABLE_DEBUG_INFO = INCLUDE_SOURCE;
				MTL_FAST_MATH = YES;
				ONLY_ACTIVE_ARCH = YES;
				SDKROOT = iphoneos;
				SWIFT_ACTIVE_COMPILATION_CONDITIONS = DEBUG;
				SWIFT_OPTIMIZATION_LEVEL = "-Onone";
			};
			name = Debug;
		};
		068A388C2217202A001B5C34 /* Release */ = {
			isa = XCBuildConfiguration;
			buildSettings = {
				ALWAYS_SEARCH_USER_PATHS = NO;
				CLANG_ANALYZER_NONNULL = YES;
				CLANG_ANALYZER_NUMBER_OBJECT_CONVERSION = YES_AGGRESSIVE;
				CLANG_CXX_LANGUAGE_STANDARD = "gnu++14";
				CLANG_CXX_LIBRARY = "libc++";
				CLANG_ENABLE_MODULES = YES;
				CLANG_ENABLE_OBJC_ARC = YES;
				CLANG_ENABLE_OBJC_WEAK = YES;
				CLANG_WARN_BLOCK_CAPTURE_AUTORELEASING = YES;
				CLANG_WARN_BOOL_CONVERSION = YES;
				CLANG_WARN_COMMA = YES;
				CLANG_WARN_CONSTANT_CONVERSION = YES;
				CLANG_WARN_DEPRECATED_OBJC_IMPLEMENTATIONS = YES;
				CLANG_WARN_DIRECT_OBJC_ISA_USAGE = YES_ERROR;
				CLANG_WARN_DOCUMENTATION_COMMENTS = YES;
				CLANG_WARN_EMPTY_BODY = YES;
				CLANG_WARN_ENUM_CONVERSION = YES;
				CLANG_WARN_INFINITE_RECURSION = YES;
				CLANG_WARN_INT_CONVERSION = YES;
				CLANG_WARN_NON_LITERAL_NULL_CONVERSION = YES;
				CLANG_WARN_OBJC_IMPLICIT_RETAIN_SELF = YES;
				CLANG_WARN_OBJC_LITERAL_CONVERSION = YES;
				CLANG_WARN_OBJC_ROOT_CLASS = YES_ERROR;
				CLANG_WARN_RANGE_LOOP_ANALYSIS = YES;
				CLANG_WARN_STRICT_PROTOTYPES = YES;
				CLANG_WARN_SUSPICIOUS_MOVE = YES;
				CLANG_WARN_UNGUARDED_AVAILABILITY = YES_AGGRESSIVE;
				CLANG_WARN_UNREACHABLE_CODE = YES;
				CLANG_WARN__DUPLICATE_METHOD_MATCH = YES;
				CODE_SIGN_IDENTITY = "iPhone Developer";
				COPY_PHASE_STRIP = NO;
				DEBUG_INFORMATION_FORMAT = "dwarf-with-dsym";
				ENABLE_NS_ASSERTIONS = NO;
				ENABLE_STRICT_OBJC_MSGSEND = YES;
				GCC_C_LANGUAGE_STANDARD = gnu11;
				GCC_NO_COMMON_BLOCKS = YES;
				GCC_WARN_64_TO_32_BIT_CONVERSION = YES;
				GCC_WARN_ABOUT_RETURN_TYPE = YES_ERROR;
				GCC_WARN_UNDECLARED_SELECTOR = YES;
				GCC_WARN_UNINITIALIZED_AUTOS = YES_AGGRESSIVE;
				GCC_WARN_UNUSED_FUNCTION = YES;
				GCC_WARN_UNUSED_VARIABLE = YES;
				IPHONEOS_DEPLOYMENT_TARGET = 12.1;
				MTL_ENABLE_DEBUG_INFO = NO;
				MTL_FAST_MATH = YES;
				SDKROOT = iphoneos;
				SWIFT_COMPILATION_MODE = wholemodule;
				SWIFT_OPTIMIZATION_LEVEL = "-O";
				VALIDATE_PRODUCT = YES;
			};
			name = Release;
		};
		068A388E2217202A001B5C34 /* Debug */ = {
			isa = XCBuildConfiguration;
			buildSettings = {
				ASSETCATALOG_COMPILER_APPICON_NAME = AppIcon;
				CODE_SIGN_STYLE = Automatic;
				DEVELOPMENT_TEAM = 442WP3MYH3;
				INFOPLIST_FILE = ImageCollectionView/Info.plist;
				LD_RUNPATH_SEARCH_PATHS = (
					"$(inherited)",
					"@executable_path/Frameworks",
				);
				PRODUCT_BUNDLE_IDENTIFIER = com.cloudsourceit.ImageCollectionView;
				PRODUCT_NAME = "$(TARGET_NAME)";
				SWIFT_VERSION = 4.2;
				TARGETED_DEVICE_FAMILY = "1,2";
			};
			name = Debug;
		};
		068A388F2217202A001B5C34 /* Release */ = {
			isa = XCBuildConfiguration;
			buildSettings = {
				ASSETCATALOG_COMPILER_APPICON_NAME = AppIcon;
				CODE_SIGN_STYLE = Automatic;
				DEVELOPMENT_TEAM = 442WP3MYH3;
				INFOPLIST_FILE = ImageCollectionView/Info.plist;
				LD_RUNPATH_SEARCH_PATHS = (
					"$(inherited)",
					"@executable_path/Frameworks",
				);
				PRODUCT_BUNDLE_IDENTIFIER = com.cloudsourceit.ImageCollectionView;
				PRODUCT_NAME = "$(TARGET_NAME)";
				SWIFT_VERSION = 4.2;
				TARGETED_DEVICE_FAMILY = "1,2";
			};
			name = Release;
		};
/* End XCBuildConfiguration section */

/* Begin XCConfigurationList section */
		068A387622172029001B5C34 /* Build configuration list for PBXProject "ImageCollectionView" */ = {
			isa = XCConfigurationList;
			buildConfigurations = (
				068A388B2217202A001B5C34 /* Debug */,
				068A388C2217202A001B5C34 /* Release */,
			);
			defaultConfigurationIsVisible = 0;
			defaultConfigurationName = Release;
		};
		068A388D2217202A001B5C34 /* Build configuration list for PBXNativeTarget "ImageCollectionView" */ = {
			isa = XCConfigurationList;
			buildConfigurations = (
				068A388E2217202A001B5C34 /* Debug */,
				068A388F2217202A001B5C34 /* Release */,
			);
			defaultConfigurationIsVisible = 0;
			defaultConfigurationName = Release;
		};
/* End XCConfigurationList section */
	};
	rootObject = 068A387322172029001B5C34 /* Project object */;
}
